
Microsoft Visual Studio Solution File, Format Version 12.00
# Visual Studio 15
VisualStudioVersion = 15.0.27428.2037
MinimumVisualStudioVersion = 10.0.40219.1
Project("{8BC9CEB8-8B4A-11D0-8D11-00A0C91BC942}") = "cpp_STL学习", "cpp_STL学习\cpp_STL学习.vcxproj", "{F991D9A1-2D79-438C-BCBC-9A5878103270}"
EndProject
Global
	GlobalSection(SolutionConfigurationPlatforms) = preSolution
		Debug|x64 = Debug|x64
		Debug|x86 = Debug|x86
		Release|x64 = Release|x64
		Release|x86 = Release|x86
	EndGlobalSection
	GlobalSection(ProjectConfigurationPlatforms) = postSolution
		{F991D9A1-2D79-438C-BCBC-9A5878103270}.Debug|x64.ActiveCfg = Debug|x64
		{F991D9A1-2D79-438C-BCBC-9A5878103270}.Debug|x64.Build.0 = Debug|x64
		{F991D9A1-2D79-438C-BCBC-9A5878103270}.Debug|x86.ActiveCfg = Debug|Win32
		{F991D9A1-2D79-438C-BCBC-9A5878103270}.Debug|x86.Build.0 = Debug|Win32
		{F991D9A1-2D79-438C-BCBC-9A5878103270}.Release|x64.ActiveCfg = Release|x64
		{F991D9A1-2D79-438C-BCBC-9A5878103270}.Release|x64.Build.0 = Release|x64
		{F991D9A1-2D79-438C-BCBC-9A5878103270}.Release|x86.ActiveCfg = Release|Win32
		{F991D9A1-2D79-438C-BCBC-9A5878103270}.Release|x86.Build.0 = Release|Win32
	EndGlobalSection
	GlobalSection(SolutionProperties) = preSolution
		HideSolutionNode = FALSE
	EndGlobalSection
	GlobalSection(ExtensibilityGlobals) = postSolution
		SolutionGuid = {29ABF6F5-9267-4A72-8C70-28ADCACFD4D8}
	EndGlobalSection
EndGlobal
