
Microsoft Visual Studio Solution File, Format Version 12.00
# Visual Studio 15
VisualStudioVersion = 15.0.27428.2037
MinimumVisualStudioVersion = 10.0.40219.1
Project("{8BC9CEB8-8B4A-11D0-8D11-00A0C91BC942}") = "运算符重载", "运算符重载\运算符重载.vcxproj", "{95651C73-91EA-4231-B594-1A03A8371583}"
EndProject
Global
	GlobalSection(SolutionConfigurationPlatforms) = preSolution
		Debug|x64 = Debug|x64
		Debug|x86 = Debug|x86
		Release|x64 = Release|x64
		Release|x86 = Release|x86
	EndGlobalSection
	GlobalSection(ProjectConfigurationPlatforms) = postSolution
		{95651C73-91EA-4231-B594-1A03A8371583}.Debug|x64.ActiveCfg = Debug|x64
		{95651C73-91EA-4231-B594-1A03A8371583}.Debug|x64.Build.0 = Debug|x64
		{95651C73-91EA-4231-B594-1A03A8371583}.Debug|x86.ActiveCfg = Debug|Win32
		{95651C73-91EA-4231-B594-1A03A8371583}.Debug|x86.Build.0 = Debug|Win32
		{95651C73-91EA-4231-B594-1A03A8371583}.Release|x64.ActiveCfg = Release|x64
		{95651C73-91EA-4231-B594-1A03A8371583}.Release|x64.Build.0 = Release|x64
		{95651C73-91EA-4231-B594-1A03A8371583}.Release|x86.ActiveCfg = Release|Win32
		{95651C73-91EA-4231-B594-1A03A8371583}.Release|x86.Build.0 = Release|Win32
	EndGlobalSection
	GlobalSection(SolutionProperties) = preSolution
		HideSolutionNode = FALSE
	EndGlobalSection
	GlobalSection(ExtensibilityGlobals) = postSolution
		SolutionGuid = {38B36435-1BBA-4E27-989B-224804A9A2A2}
	EndGlobalSection
EndGlobal
